{
  "name": "hml",
  "version": "0.0.1",
  "lockfileVersion": 2,
  "requires": true,
  "packages": {
    "": {
      "name": "hml",
      "version": "0.0.1",
      "license": "MIT",
      "dependencies": {
        "saman": "^0.0.2",
        "styp": "0.0.1"
      }
    },
    "node_modules/saman": {
      "version": "0.0.2",
      "resolved": "https://registry.npmjs.org/saman/-/saman-0.0.2.tgz",
      "integrity": "sha512-mUrUTTmnKj5LmWq58rnWYyBJ2ie5Ale4gJbdywrBr8tHSFb8F+pbcinXtMHbbKuLH2xio404wA2577oJnTUrYQ=="
    },
    "node_modules/styp": {
      "version": "0.0.1",
      "resolved": "https://registry.npmjs.org/styp/-/styp-0.0.1.tgz",
      "integrity": "sha512-C0yazqETNGsV0YANmHF8glA5+XxfLHcuRIESlgoNpCaa6YD1vZxWQlB1LpM6wZgLQpe2w9ZDEH+H+fJOQ8iNpg=="
    }
  },
  "dependencies": {
    "saman": {
      "version": "0.0.2",
      "resolved": "https://registry.npmjs.org/saman/-/saman-0.0.2.tgz",
      "integrity": "sha512-mUrUTTmnKj5LmWq58rnWYyBJ2ie5Ale4gJbdywrBr8tHSFb8F+pbcinXtMHbbKuLH2xio404wA2577oJnTUrYQ=="
    },
    "styp": {
      "version": "0.0.1",
      "resolved": "https://registry.npmjs.org/styp/-/styp-0.0.1.tgz",
      "integrity": "sha512-C0yazqETNGsV0YANmHF8glA5+XxfLHcuRIESlgoNpCaa6YD1vZxWQlB1LpM6wZgLQpe2w9ZDEH+H+fJOQ8iNpg=="
    }
  }
}
