{
  "name": "hml",
  "version": "0.0.1",
  "lockfileVersion": 1,
  "requires": true,
  "dependencies": {
    "saman": {
      "version": "0.0.1",
      "resolved": "https://registry.npmjs.org/saman/-/saman-0.0.1.tgz",
      "integrity": "sha512-QNPOydAUsSygorW+XUW2cRJstzl4c9NBGc0kvIddZ/FcEor23Mc42UXChUIe85jWF2AXbupu6wiqEgXXjLljMQ=="
    },
    "styp": {
      "version": "0.0.1",
      "resolved": "https://registry.npmjs.org/styp/-/styp-0.0.1.tgz",
      "integrity": "sha512-C0yazqETNGsV0YANmHF8glA5+XxfLHcuRIESlgoNpCaa6YD1vZxWQlB1LpM6wZgLQpe2w9ZDEH+H+fJOQ8iNpg=="
    }
  }
}
